{
  "name": "KCraft_Security",
  "lockfileVersion": 2,
  "requires": true,
  "packages": {
    "": {
      "dependencies": {
        "@minecraft/server": "^1.16.0-beta.1.21.43-stable",
        "@minecraft/server-ui": "^1.4.0-beta.1.21.43-stable",
        "@types/mojang-minecraft": "^0.1.6"
      }
    },
    "node_modules/@minecraft/common": {
      "version": "1.2.0",
      "resolved": "https://registry.npmjs.org/@minecraft/common/-/common-1.2.0.tgz",
      "integrity": "sha512-JdmEq4P3Z/FtoBzhLijFgMSVFnFRrUoLwY8DHHrgtFo0mfLTOLTB1RErYjLMsA6b7BGVNxkX/pfFRiH7QZ0XwQ=="
    },
    "node_modules/@minecraft/server": {
      "version": "1.16.0-beta.1.21.43-stable",
      "resolved": "https://registry.npmjs.org/@minecraft/server/-/server-1.16.0-beta.1.21.43-stable.tgz",
      "integrity": "sha512-aWDTjwkFGhL9NBHU72PbqTBIWg95RZLPF9Kg3fIKqLemhDcoOp4uIhcqAKZM7vDCND7l6J24c1ZdGt6Ak5ok5w==",
      "dependencies": {
        "@minecraft/common": "^1.1.0"
      }
    },
    "node_modules/@minecraft/server-ui": {
      "version": "1.4.0-beta.1.21.43-stable",
      "resolved": "https://registry.npmjs.org/@minecraft/server-ui/-/server-ui-1.4.0-beta.1.21.43-stable.tgz",
      "integrity": "sha512-fz6fhLLSlqRC8+MGYP86ZjWkhBJR+z3jG6lw6esl0wT2wJgsTsgiS3CfA8CunhzQ+XP83lPQPzbXZFMExclRNQ==",
      "dependencies": {
        "@minecraft/common": "^1.0.0",
        "@minecraft/server": "^1.8.0"
      }
    },
    "node_modules/@minecraft/server-ui/node_modules/@minecraft/server": {
      "version": "1.15.0",
      "resolved": "https://registry.npmjs.org/@minecraft/server/-/server-1.15.0.tgz",
      "integrity": "sha512-KpXtxwuwr0hSBbTYOaMR6hSLG+UBWvifhkmnu2Tx32567hBp2N4DxVmoIXT0swQ8RFvv1o6PyGHXqm3Qfw1wOg==",
      "dependencies": {
        "@minecraft/common": "^1.1.0"
      }
    },
    "node_modules/@types/mojang-minecraft": {
      "version": "0.1.6",
      "resolved": "https://registry.npmjs.org/@types/mojang-minecraft/-/mojang-minecraft-0.1.6.tgz",
      "integrity": "sha512-Zho2/JYWmowvOYGVcnV08DRASYm66oeENR4yvXTLpMXWJm/j12rbuk5ddXQoE+GIu+vsbsQzzJFHeZ3HxI1TLw=="
    }
  },
  "dependencies": {
    "@minecraft/common": {
      "version": "1.2.0",
      "resolved": "https://registry.npmjs.org/@minecraft/common/-/common-1.2.0.tgz",
      "integrity": "sha512-JdmEq4P3Z/FtoBzhLijFgMSVFnFRrUoLwY8DHHrgtFo0mfLTOLTB1RErYjLMsA6b7BGVNxkX/pfFRiH7QZ0XwQ=="
    },
    "@minecraft/server": {
      "version": "1.16.0-beta.1.21.43-stable",
      "resolved": "https://registry.npmjs.org/@minecraft/server/-/server-1.16.0-beta.1.21.43-stable.tgz",
      "integrity": "sha512-aWDTjwkFGhL9NBHU72PbqTBIWg95RZLPF9Kg3fIKqLemhDcoOp4uIhcqAKZM7vDCND7l6J24c1ZdGt6Ak5ok5w==",
      "requires": {
        "@minecraft/common": "^1.1.0"
      }
    },
    "@minecraft/server-ui": {
      "version": "1.4.0-beta.1.21.43-stable",
      "resolved": "https://registry.npmjs.org/@minecraft/server-ui/-/server-ui-1.4.0-beta.1.21.43-stable.tgz",
      "integrity": "sha512-fz6fhLLSlqRC8+MGYP86ZjWkhBJR+z3jG6lw6esl0wT2wJgsTsgiS3CfA8CunhzQ+XP83lPQPzbXZFMExclRNQ==",
      "requires": {
        "@minecraft/common": "^1.0.0",
        "@minecraft/server": "^1.8.0"
      },
      "dependencies": {
        "@minecraft/server": {
          "version": "1.15.0",
          "resolved": "https://registry.npmjs.org/@minecraft/server/-/server-1.15.0.tgz",
          "integrity": "sha512-KpXtxwuwr0hSBbTYOaMR6hSLG+UBWvifhkmnu2Tx32567hBp2N4DxVmoIXT0swQ8RFvv1o6PyGHXqm3Qfw1wOg==",
          "requires": {
            "@minecraft/common": "^1.1.0"
          }
        }
      }
    },
    "@types/mojang-minecraft": {
      "version": "0.1.6",
      "resolved": "https://registry.npmjs.org/@types/mojang-minecraft/-/mojang-minecraft-0.1.6.tgz",
      "integrity": "sha512-Zho2/JYWmowvOYGVcnV08DRASYm66oeENR4yvXTLpMXWJm/j12rbuk5ddXQoE+GIu+vsbsQzzJFHeZ3HxI1TLw=="
    }
  }
}
